<?xml version="1.0" encoding="utf-8"?>
<Project ToolsVersion="4.0" xmlns="http://schemas.microsoft.com/developer/msbuild/2003">
  <ItemGroup>
    <Filter Include="Quelldateien">
      <UniqueIdentifier>{4FC737F1-C7A5-4376-A066-2A32D752A2FF}</UniqueIdentifier>
      <Extensions>cpp;c;cc;cxx;def;odl;idl;hpj;bat;asm;asmx</Extensions>
    </Filter>
    <Filter Include="Headerdateien">
      <UniqueIdentifier>{93995380-89BD-4b04-88EB-625FBE52EBFB}</UniqueIdentifier>
      <Extensions>h;hh;hpp;hxx;hm;inl;inc;ipp;xsd</Extensions>
    </Filter>
    <Filter Include="Ressourcendateien">
      <UniqueIdentifier>{67DA6AB6-F800-4c08-8B7A-83BB121AAD01}</UniqueIdentifier>
      <Extensions>rc;ico;cur;bmp;dlg;rc2;rct;bin;rgs;gif;jpg;jpeg;jpe;resx;tiff;tif;png;wav;mfcribbon-ms</Extensions>
    </Filter>
    <Filter Include="Headerdateien\Tower">
      <UniqueIdentifier>{a484c922-6c14-474b-b6a3-25a6ef9955c3}</UniqueIdentifier>
    </Filter>
    <Filter Include="Quelldateien\Tower">
      <UniqueIdentifier>{3dddf99f-14fd-4944-b74d-7e1de1901156}</UniqueIdentifier>
    </Filter>
    <Filter Include="Headerdateien\Core">
      <UniqueIdentifier>{69d522f4-1733-409e-b545-0db51e21e51c}</UniqueIdentifier>
    </Filter>
    <Filter Include="Quelldateien\Core">
      <UniqueIdentifier>{58ea80ab-8b71-41fe-bee2-1019184eaab4}</UniqueIdentifier>
    </Filter>
    <Filter Include="Quelldateien\Enemies">
      <UniqueIdentifier>{588be856-854e-46e3-8652-7c059abfd70e}</UniqueIdentifier>
    </Filter>
    <Filter Include="Headerdateien\Enemies">
      <UniqueIdentifier>{6f6d169c-36aa-4298-9f1e-6cf343b52525}</UniqueIdentifier>
    </Filter>
    <Filter Include="Headerdateien\Gui">
      <UniqueIdentifier>{9e28731b-9a34-4af6-be1a-4ebbb9e79f66}</UniqueIdentifier>
    </Filter>
    <Filter Include="Quelldateien\GUI">
      <UniqueIdentifier>{353a1cdd-48cb-4385-ab85-2c742ce2d881}</UniqueIdentifier>
    </Filter>
  </ItemGroup>
  <ItemGroup>
    <ClCompile Include="BasicTower.cpp">
      <Filter>Quelldateien\Tower</Filter>
    </ClCompile>
    <ClCompile Include="CannonTower.cpp">
      <Filter>Quelldateien\Tower</Filter>
    </ClCompile>
    <ClCompile Include="FlameTower.cpp">
      <Filter>Quelldateien\Tower</Filter>
    </ClCompile>
    <ClCompile Include="FrostTower.cpp">
      <Filter>Quelldateien\Tower</Filter>
    </ClCompile>
    <ClCompile Include="LightningTower.cpp">
      <Filter>Quelldateien\Tower</Filter>
    </ClCompile>
    <ClCompile Include="Game.cpp">
      <Filter>Quelldateien\Core</Filter>
    </ClCompile>
    <ClCompile Include="GameArea.cpp">
      <Filter>Quelldateien\Core</Filter>
    </ClCompile>
    <ClCompile Include="EnemyWaves.cpp">
      <Filter>Quelldateien\Core</Filter>
    </ClCompile>
    <ClCompile Include="main.cpp">
      <Filter>Quelldateien\Core</Filter>
    </ClCompile>
    <ClCompile Include="Pathfinding.cpp">
      <Filter>Quelldateien\Core</Filter>
    </ClCompile>
    <ClCompile Include="Menu.cpp">
      <Filter>Quelldateien\Core</Filter>
    </ClCompile>
    <ClCompile Include="BasicEnemy.cpp">
      <Filter>Quelldateien\Enemies</Filter>
    </ClCompile>
    <ClCompile Include="FastEnemy.cpp">
      <Filter>Quelldateien\Enemies</Filter>
    </ClCompile>
    <ClCompile Include="GameMap.cpp">
      <Filter>Quelldateien\Core</Filter>
    </ClCompile>
    <ClCompile Include="AttackTower.cpp">
      <Filter>Quelldateien\Tower</Filter>
    </ClCompile>
    <ClCompile Include="StrongEnemy.cpp">
      <Filter>Quelldateien\Enemies</Filter>
    </ClCompile>
    <ClCompile Include="WeakestEnemy.cpp">
      <Filter>Quelldateien\Enemies</Filter>
    </ClCompile>
    <ClCompile Include="WeakerEnemy.cpp">
      <Filter>Quelldateien\Enemies</Filter>
    </ClCompile>
    <ClCompile Include="WeakEnemy.cpp">
      <Filter>Quelldateien\Enemies</Filter>
    </ClCompile>
    <ClCompile Include="StrongerEnemy.cpp">
      <Filter>Quelldateien\Enemies</Filter>
    </ClCompile>
    <ClCompile Include="StrongestEnemy.cpp">
      <Filter>Quelldateien\Enemies</Filter>
    </ClCompile>
    <ClCompile Include="BossEnemy.cpp">
      <Filter>Quelldateien\Enemies</Filter>
    </ClCompile>
    <ClCompile Include="BasicButton.cpp">
      <Filter>Quelldateien\GUI</Filter>
    </ClCompile>
    <ClCompile Include="CustomException.cpp">
      <Filter>Quelldateien\Core</Filter>
    </ClCompile>
    <ClCompile Include="EndScreen.cpp">
      <Filter>Quelldateien</Filter>
    </ClCompile>
  </ItemGroup>
  <ItemGroup>
    <ClInclude Include="BasicTower.h">
      <Filter>Headerdateien\Tower</Filter>
    </ClInclude>
    <ClInclude Include="Game.h">
      <Filter>Headerdateien\Core</Filter>
    </ClInclude>
    <ClInclude Include="GameArea.h">
      <Filter>Headerdateien\Core</Filter>
    </ClInclude>
    <ClInclude Include="EnemyWaves.h">
      <Filter>Headerdateien\Core</Filter>
    </ClInclude>
    <ClInclude Include="Menu.h">
      <Filter>Headerdateien\Core</Filter>
    </ClInclude>
    <ClInclude Include="BasicButton.h">
      <Filter>Headerdateien\Gui</Filter>
    </ClInclude>
    <ClInclude Include="BasicEnemy.h">
      <Filter>Headerdateien\Enemies</Filter>
    </ClInclude>
    <ClInclude Include="GameMap.h">
      <Filter>Headerdateien\Core</Filter>
    </ClInclude>
    <ClInclude Include="CustomException.h">
      <Filter>Headerdateien\Core</Filter>
    </ClInclude>
    <ClInclude Include="PathFinding.h">
      <Filter>Headerdateien\Core</Filter>
    </ClInclude>
    <ClInclude Include="EndScreen.h">
      <Filter>Headerdateien\Core</Filter>
    </ClInclude>
  </ItemGroup>
</Project>